
Microsoft Visual Studio Solution File, Format Version 12.00
# Visual Studio Version 17
VisualStudioVersion = 17.11.35327.3
MinimumVisualStudioVersion = 10.0.40219.1
Project("{9A19103F-16F7-4668-BE54-9A1E7A4F7556}") = "WarehouseApi", "WarehouseApi\WarehouseApi.csproj", "{98D972B5-D296-4474-830A-C33114857EE3}"
EndProject
Project("{FAE04EC0-301F-11D3-BF4B-00C04F79EFBC}") = "WarehouseTests", "WarehouseTests\WarehouseTests.csproj", "{416C940D-D8B0-457D-BDA9-432477EE5D40}"
EndProject
Global
	GlobalSection(SolutionConfigurationPlatforms) = preSolution
		Debug|Any CPU = Debug|Any CPU
		Release|Any CPU = Release|Any CPU
	EndGlobalSection
	GlobalSection(ProjectConfigurationPlatforms) = postSolution
		{98D972B5-D296-4474-830A-C33114857EE3}.Debug|Any CPU.ActiveCfg = Debug|Any CPU
		{98D972B5-D296-4474-830A-C33114857EE3}.Debug|Any CPU.Build.0 = Debug|Any CPU
		{98D972B5-D296-4474-830A-C33114857EE3}.Release|Any CPU.ActiveCfg = Release|Any CPU
		{98D972B5-D296-4474-830A-C33114857EE3}.Release|Any CPU.Build.0 = Release|Any CPU
		{416C940D-D8B0-457D-BDA9-432477EE5D40}.Debug|Any CPU.ActiveCfg = Debug|Any CPU
		{416C940D-D8B0-457D-BDA9-432477EE5D40}.Debug|Any CPU.Build.0 = Debug|Any CPU
		{416C940D-D8B0-457D-BDA9-432477EE5D40}.Release|Any CPU.ActiveCfg = Release|Any CPU
		{416C940D-D8B0-457D-BDA9-432477EE5D40}.Release|Any CPU.Build.0 = Release|Any CPU
	EndGlobalSection
	GlobalSection(SolutionProperties) = preSolution
		HideSolutionNode = FALSE
	EndGlobalSection
	GlobalSection(ExtensibilityGlobals) = postSolution
		SolutionGuid = {C09F8761-3A88-48B5-B35A-CFA00F484248}
	EndGlobalSection
EndGlobal
